
Microsoft Visual Studio Solution File, Format Version 12.00
# Visual Studio Version 17
VisualStudioVersion = 17.8.34511.84
MinimumVisualStudioVersion = 10.0.40219.1
Project("{FAE04EC0-301F-11D3-BF4B-00C04F79EFBC}") = "Monsterfall_01", "Monsterfall_01.csproj", "{907E5AFC-3808-4411-8599-7B1F9EF3FDBE}"
EndProject
Global
	GlobalSection(SolutionConfigurationPlatforms) = preSolution
		Debug|Any CPU = Debug|Any CPU
		Release|Any CPU = Release|Any CPU
	EndGlobalSection
	GlobalSection(ProjectConfigurationPlatforms) = postSolution
		{907E5AFC-3808-4411-8599-7B1F9EF3FDBE}.Debug|Any CPU.ActiveCfg = Debug|Any CPU
		{907E5AFC-3808-4411-8599-7B1F9EF3FDBE}.Debug|Any CPU.Build.0 = Debug|Any CPU
		{907E5AFC-3808-4411-8599-7B1F9EF3FDBE}.Release|Any CPU.ActiveCfg = Release|Any CPU
		{907E5AFC-3808-4411-8599-7B1F9EF3FDBE}.Release|Any CPU.Build.0 = Release|Any CPU
	EndGlobalSection
	GlobalSection(SolutionProperties) = preSolution
		HideSolutionNode = FALSE
	EndGlobalSection
	GlobalSection(ExtensibilityGlobals) = postSolution
		SolutionGuid = {175023D1-341F-46A0-B04F-7E3BB9CE714E}
	EndGlobalSection
EndGlobal
